
Microsoft Visual Studio Solution File, Format Version 12.00
# Visual Studio Version 17
VisualStudioVersion = 17.5.33502.453
MinimumVisualStudioVersion = 10.0.40219.1
Project("{FAE04EC0-301F-11D3-BF4B-00C04F79EFBC}") = "Transport.WEB", "Transport.WEB\Transport.WEB.csproj", "{B49D26FA-F06A-43E1-8C3F-DBDBA9CE4EA3}"
EndProject
Project("{FAE04EC0-301F-11D3-BF4B-00C04F79EFBC}") = "Transport.API", "Transport.API\Transport.API.csproj", "{B23B6955-0280-46FB-91F3-4EBCB41A3071}"
EndProject
Project("{FAE04EC0-301F-11D3-BF4B-00C04F79EFBC}") = "Transport.Shared", "Transport.Shared\Transport.Shared.csproj", "{A78A0167-4A92-44E3-9A3C-5285AE1E3D9F}"
EndProject
Global
	GlobalSection(SolutionConfigurationPlatforms) = preSolution
		Debug|Any CPU = Debug|Any CPU
		Release|Any CPU = Release|Any CPU
	EndGlobalSection
	GlobalSection(ProjectConfigurationPlatforms) = postSolution
		{B49D26FA-F06A-43E1-8C3F-DBDBA9CE4EA3}.Debug|Any CPU.ActiveCfg = Debug|Any CPU
		{B49D26FA-F06A-43E1-8C3F-DBDBA9CE4EA3}.Debug|Any CPU.Build.0 = Debug|Any CPU
		{B49D26FA-F06A-43E1-8C3F-DBDBA9CE4EA3}.Release|Any CPU.ActiveCfg = Release|Any CPU
		{B49D26FA-F06A-43E1-8C3F-DBDBA9CE4EA3}.Release|Any CPU.Build.0 = Release|Any CPU
		{B23B6955-0280-46FB-91F3-4EBCB41A3071}.Debug|Any CPU.ActiveCfg = Debug|Any CPU
		{B23B6955-0280-46FB-91F3-4EBCB41A3071}.Debug|Any CPU.Build.0 = Debug|Any CPU
		{B23B6955-0280-46FB-91F3-4EBCB41A3071}.Release|Any CPU.ActiveCfg = Release|Any CPU
		{B23B6955-0280-46FB-91F3-4EBCB41A3071}.Release|Any CPU.Build.0 = Release|Any CPU
		{A78A0167-4A92-44E3-9A3C-5285AE1E3D9F}.Debug|Any CPU.ActiveCfg = Debug|Any CPU
		{A78A0167-4A92-44E3-9A3C-5285AE1E3D9F}.Debug|Any CPU.Build.0 = Debug|Any CPU
		{A78A0167-4A92-44E3-9A3C-5285AE1E3D9F}.Release|Any CPU.ActiveCfg = Release|Any CPU
		{A78A0167-4A92-44E3-9A3C-5285AE1E3D9F}.Release|Any CPU.Build.0 = Release|Any CPU
	EndGlobalSection
	GlobalSection(SolutionProperties) = preSolution
		HideSolutionNode = FALSE
	EndGlobalSection
	GlobalSection(ExtensibilityGlobals) = postSolution
		SolutionGuid = {914D4D86-4606-455C-90A5-2AA4B0279218}
	EndGlobalSection
EndGlobal
